
Microsoft Visual Studio Solution File, Format Version 12.00
# Visual Studio Version 17
VisualStudioVersion = 17.14.36408.4
MinimumVisualStudioVersion = 10.0.40219.1
Project("{FAE04EC0-301F-11D3-BF4B-00C04F79EFBC}") = "MoviesArchive.Web", "Web\MoviesArchive.Web.csproj", "{2ED77E7B-AFFD-4DF6-AE6F-E6DDE17E6BC3}"
	ProjectSection(ProjectDependencies) = postProject
		{EBB257C2-89CC-4422-86A8-D57355052D33} = {EBB257C2-89CC-4422-86A8-D57355052D33}
	EndProjectSection
EndProject
Project("{FAE04EC0-301F-11D3-BF4B-00C04F79EFBC}") = "MoviesArchive.Data", "Data\MoviesArchive.Data.csproj", "{177928C3-81A9-4607-A3C8-684346562517}"
EndProject
Project("{FAE04EC0-301F-11D3-BF4B-00C04F79EFBC}") = "MoviesArchive.Logic", "Logic\MoviesArchive.Logic.csproj", "{EBB257C2-89CC-4422-86A8-D57355052D33}"
	ProjectSection(ProjectDependencies) = postProject
		{177928C3-81A9-4607-A3C8-684346562517} = {177928C3-81A9-4607-A3C8-684346562517}
	EndProjectSection
EndProject
Project("{FAE04EC0-301F-11D3-BF4B-00C04F79EFBC}") = "MoviesArchive.Tests", "Tests\MoviesArchive.Tests.csproj", "{90D6891E-12DD-4B58-9F18-14BA930AC5ED}"
EndProject
Global
	GlobalSection(SolutionConfigurationPlatforms) = preSolution
		Debug|Any CPU = Debug|Any CPU
		Release|Any CPU = Release|Any CPU
	EndGlobalSection
	GlobalSection(ProjectConfigurationPlatforms) = postSolution
		{2ED77E7B-AFFD-4DF6-AE6F-E6DDE17E6BC3}.Debug|Any CPU.ActiveCfg = Debug|Any CPU
		{2ED77E7B-AFFD-4DF6-AE6F-E6DDE17E6BC3}.Debug|Any CPU.Build.0 = Debug|Any CPU
		{2ED77E7B-AFFD-4DF6-AE6F-E6DDE17E6BC3}.Release|Any CPU.ActiveCfg = Release|Any CPU
		{2ED77E7B-AFFD-4DF6-AE6F-E6DDE17E6BC3}.Release|Any CPU.Build.0 = Release|Any CPU
		{177928C3-81A9-4607-A3C8-684346562517}.Debug|Any CPU.ActiveCfg = Debug|Any CPU
		{177928C3-81A9-4607-A3C8-684346562517}.Debug|Any CPU.Build.0 = Debug|Any CPU
		{177928C3-81A9-4607-A3C8-684346562517}.Release|Any CPU.ActiveCfg = Release|Any CPU
		{177928C3-81A9-4607-A3C8-684346562517}.Release|Any CPU.Build.0 = Release|Any CPU
		{EBB257C2-89CC-4422-86A8-D57355052D33}.Debug|Any CPU.ActiveCfg = Debug|Any CPU
		{EBB257C2-89CC-4422-86A8-D57355052D33}.Debug|Any CPU.Build.0 = Debug|Any CPU
		{EBB257C2-89CC-4422-86A8-D57355052D33}.Release|Any CPU.ActiveCfg = Release|Any CPU
		{EBB257C2-89CC-4422-86A8-D57355052D33}.Release|Any CPU.Build.0 = Release|Any CPU
		{90D6891E-12DD-4B58-9F18-14BA930AC5ED}.Debug|Any CPU.ActiveCfg = Debug|Any CPU
		{90D6891E-12DD-4B58-9F18-14BA930AC5ED}.Debug|Any CPU.Build.0 = Debug|Any CPU
		{90D6891E-12DD-4B58-9F18-14BA930AC5ED}.Release|Any CPU.ActiveCfg = Release|Any CPU
		{90D6891E-12DD-4B58-9F18-14BA930AC5ED}.Release|Any CPU.Build.0 = Release|Any CPU
	EndGlobalSection
	GlobalSection(SolutionProperties) = preSolution
		HideSolutionNode = FALSE
	EndGlobalSection
	GlobalSection(ExtensibilityGlobals) = postSolution
		SolutionGuid = {CD775FD7-C137-400B-8705-4E81BAEF4BDB}
	EndGlobalSection
EndGlobal
